
Microsoft Visual Studio Solution File, Format Version 12.00
Project("{FAE04EC0-301F-11D3-BF4B-00C04F79EFBC}") = "PartnerBFF.Api", "PartnerBFF.Api\PartnerBFF.Api.csproj", "{BD96EF34-033F-4464-B2D0-D816647578D2}"
EndProject
Project("{FAE04EC0-301F-11D3-BF4B-00C04F79EFBC}") = "PartnerBFF.Application", "PartnerBFF.Application\PartnerBFF.Application.csproj", "{600DE24D-5A36-4701-A10C-5D9F612A1CF5}"
EndProject
Project("{FAE04EC0-301F-11D3-BF4B-00C04F79EFBC}") = "PartnerBFF.Domain", "PartnerBFF.Domain\PartnerBFF.Domain.csproj", "{4A0EF7A2-776A-4E3C-B41A-2AB44E2126AE}"
EndProject
Project("{FAE04EC0-301F-11D3-BF4B-00C04F79EFBC}") = "PartnerBFF.Persistence", "PartnerBFF.Persistence\PartnerBFF.Persistence.csproj", "{F597E945-7EBD-478C-BC87-C8F4ED799293}"
EndProject
Project("{FAE04EC0-301F-11D3-BF4B-00C04F79EFBC}") = "PartnerBFF.Tests", "PartnerBFF.Tests\PartnerBFF.Tests.csproj", "{6373CDAA-B7AE-4179-87B4-8C71E8AA2735}"
EndProject
Global
	GlobalSection(SolutionConfigurationPlatforms) = preSolution
		Debug|Any CPU = Debug|Any CPU
		Release|Any CPU = Release|Any CPU
	EndGlobalSection
	GlobalSection(ProjectConfigurationPlatforms) = postSolution
		{BD96EF34-033F-4464-B2D0-D816647578D2}.Debug|Any CPU.ActiveCfg = Debug|Any CPU
		{BD96EF34-033F-4464-B2D0-D816647578D2}.Debug|Any CPU.Build.0 = Debug|Any CPU
		{BD96EF34-033F-4464-B2D0-D816647578D2}.Release|Any CPU.ActiveCfg = Release|Any CPU
		{BD96EF34-033F-4464-B2D0-D816647578D2}.Release|Any CPU.Build.0 = Release|Any CPU
		{600DE24D-5A36-4701-A10C-5D9F612A1CF5}.Debug|Any CPU.ActiveCfg = Debug|Any CPU
		{600DE24D-5A36-4701-A10C-5D9F612A1CF5}.Debug|Any CPU.Build.0 = Debug|Any CPU
		{600DE24D-5A36-4701-A10C-5D9F612A1CF5}.Release|Any CPU.ActiveCfg = Release|Any CPU
		{600DE24D-5A36-4701-A10C-5D9F612A1CF5}.Release|Any CPU.Build.0 = Release|Any CPU
		{4A0EF7A2-776A-4E3C-B41A-2AB44E2126AE}.Debug|Any CPU.ActiveCfg = Debug|Any CPU
		{4A0EF7A2-776A-4E3C-B41A-2AB44E2126AE}.Debug|Any CPU.Build.0 = Debug|Any CPU
		{4A0EF7A2-776A-4E3C-B41A-2AB44E2126AE}.Release|Any CPU.ActiveCfg = Release|Any CPU
		{4A0EF7A2-776A-4E3C-B41A-2AB44E2126AE}.Release|Any CPU.Build.0 = Release|Any CPU
		{F597E945-7EBD-478C-BC87-C8F4ED799293}.Debug|Any CPU.ActiveCfg = Debug|Any CPU
		{F597E945-7EBD-478C-BC87-C8F4ED799293}.Debug|Any CPU.Build.0 = Debug|Any CPU
		{F597E945-7EBD-478C-BC87-C8F4ED799293}.Release|Any CPU.ActiveCfg = Release|Any CPU
		{F597E945-7EBD-478C-BC87-C8F4ED799293}.Release|Any CPU.Build.0 = Release|Any CPU
		{6373CDAA-B7AE-4179-87B4-8C71E8AA2735}.Debug|Any CPU.ActiveCfg = Debug|Any CPU
		{6373CDAA-B7AE-4179-87B4-8C71E8AA2735}.Debug|Any CPU.Build.0 = Debug|Any CPU
		{6373CDAA-B7AE-4179-87B4-8C71E8AA2735}.Release|Any CPU.ActiveCfg = Release|Any CPU
		{6373CDAA-B7AE-4179-87B4-8C71E8AA2735}.Release|Any CPU.Build.0 = Release|Any CPU
	EndGlobalSection
EndGlobal
